// !$*UTF8*$!
{
	archiveVersion = 1;
	classes = {
	};
	objectVersion = 48;
	objects = {

/* Begin PBXBuildFile section */
		8A7017A7210784AD00D18AF1 /* MainMenu.xib in Resources */ = {isa = PBXBuildFile; fileRef = 8A7017A6210784AD00D18AF1 /* MainMenu.xib */; };
		8A7017A92107855000D18AF1 /* usb.png in Resources */ = {isa = PBXBuildFile; fileRef = 8A7017A82107855000D18AF1 /* usb.png */; };
		8A7017AC2107873F00D18AF1 /* 32.png in Resources */ = {isa = PBXBuildFile; fileRef = 8A7017AA2107873F00D18AF1 /* 32.png */; };
		8A7017AD2107873F00D18AF1 /* 16.png in Resources */ = {isa = PBXBuildFile; fileRef = 8A7017AB2107873F00D18AF1 /* 16.png */; };
		8ACB65FF21069933004B9C5A /* AppDelegate.swift in Sources */ = {isa = PBXBuildFile; fileRef = 8ACB65FE21069933004B9C5A /* AppDelegate.swift */; };
		8ACB660321069933004B9C5A /* Assets.xcassets in Resources */ = {isa = PBXBuildFile; fileRef = 8ACB660221069933004B9C5A /* Assets.xcassets */; };
		8ACB660F21069CEE004B9C5A /* USBDetector.swift in Sources */ = {isa = PBXBuildFile; fileRef = 8ACB660E21069CEE004B9C5A /* USBDetector.swift */; };
/* End PBXBuildFile section */

/* Begin PBXFileReference section */
		8A7017A6210784AD00D18AF1 /* MainMenu.xib */ = {isa = PBXFileReference; lastKnownFileType = file.xib; path = MainMenu.xib; sourceTree = "<group>"; };
		8A7017A82107855000D18AF1 /* usb.png */ = {isa = PBXFileReference; lastKnownFileType = image.png; path = usb.png; sourceTree = "<group>"; };
		8A7017AA2107873F00D18AF1 /* 32.png */ = {isa = PBXFileReference; lastKnownFileType = image.png; path = 32.png; sourceTree = "<group>"; };
		8A7017AB2107873F00D18AF1 /* 16.png */ = {isa = PBXFileReference; lastKnownFileType = image.png; path = 16.png; sourceTree = "<group>"; };
		8ACB65FB21069933004B9C5A /* USBDetect.app */ = {isa = PBXFileReference; explicitFileType = wrapper.application; includeInIndex = 0; path = USBDetect.app; sourceTree = BUILT_PRODUCTS_DIR; };
		8ACB65FE21069933004B9C5A /* AppDelegate.swift */ = {isa = PBXFileReference; lastKnownFileType = sourcecode.swift; path = AppDelegate.swift; sourceTree = "<group>"; };
		8ACB660221069933004B9C5A /* Assets.xcassets */ = {isa = PBXFileReference; lastKnownFileType = folder.assetcatalog; path = Assets.xcassets; sourceTree = "<group>"; };
		8ACB660721069933004B9C5A /* Info.plist */ = {isa = PBXFileReference; lastKnownFileType = text.plist.xml; path = Info.plist; sourceTree = "<group>"; };
		8ACB660821069933004B9C5A /* USBDetect.entitlements */ = {isa = PBXFileReference; lastKnownFileType = text.plist.entitlements; path = USBDetect.entitlements; sourceTree = "<group>"; };
		8ACB660E21069CEE004B9C5A /* USBDetector.swift */ = {isa = PBXFileReference; lastKnownFileType = sourcecode.swift; path = USBDetector.swift; sourceTree = "<group>"; };
/* End PBXFileReference section */

/* Begin PBXFrameworksBuildPhase section */
		8ACB65F821069933004B9C5A /* Frameworks */ = {
			isa = PBXFrameworksBuildPhase;
			buildActionMask = 2147483647;
			files = (
			);
			runOnlyForDeploymentPostprocessing = 0;
		};
/* End PBXFrameworksBuildPhase section */

/* Begin PBXGroup section */
		8ACB65F221069933004B9C5A = {
			isa = PBXGroup;
			children = (
				8ACB65FD21069933004B9C5A /* USBDetect */,
				8ACB65FC21069933004B9C5A /* Products */,
			);
			sourceTree = "<group>";
		};
		8ACB65FC21069933004B9C5A /* Products */ = {
			isa = PBXGroup;
			children = (
				8ACB65FB21069933004B9C5A /* USBDetect.app */,
			);
			name = Products;
			sourceTree = "<group>";
		};
		8ACB65FD21069933004B9C5A /* USBDetect */ = {
			isa = PBXGroup;
			children = (
				8A7017A6210784AD00D18AF1 /* MainMenu.xib */,
				8A7017A82107855000D18AF1 /* usb.png */,
				8ACB65FE21069933004B9C5A /* AppDelegate.swift */,
				8ACB660221069933004B9C5A /* Assets.xcassets */,
				8ACB660721069933004B9C5A /* Info.plist */,
				8ACB660821069933004B9C5A /* USBDetect.entitlements */,
				8ACB660E21069CEE004B9C5A /* USBDetector.swift */,
				8A7017AB2107873F00D18AF1 /* 16.png */,
				8A7017AA2107873F00D18AF1 /* 32.png */,
			);
			path = USBDetect;
			sourceTree = "<group>";
		};
/* End PBXGroup section */

/* Begin PBXNativeTarget section */
		8ACB65FA21069933004B9C5A /* USBDetect */ = {
			isa = PBXNativeTarget;
			buildConfigurationList = 8ACB660B21069933004B9C5A /* Build configuration list for PBXNativeTarget "USBDetect" */;
			buildPhases = (
				8ACB65F721069933004B9C5A /* Sources */,
				8ACB65F821069933004B9C5A /* Frameworks */,
				8ACB65F921069933004B9C5A /* Resources */,
			);
			buildRules = (
			);
			dependencies = (
			);
			name = USBDetect;
			productName = USBDetect;
			productReference = 8ACB65FB21069933004B9C5A /* USBDetect.app */;
			productType = "com.apple.product-type.application";
		};
/* End PBXNativeTarget section */

/* Begin PBXProject section */
		8ACB65F321069933004B9C5A /* Project object */ = {
			isa = PBXProject;
			attributes = {
				LastSwiftUpdateCheck = 0920;
				LastUpgradeCheck = 0920;
				ORGANIZATIONNAME = "Keaton Burleson";
				TargetAttributes = {
					8ACB65FA21069933004B9C5A = {
						CreatedOnToolsVersion = 9.2;
						ProvisioningStyle = Automatic;
					};
				};
			};
			buildConfigurationList = 8ACB65F621069933004B9C5A /* Build configuration list for PBXProject "USBDetect" */;
			compatibilityVersion = "Xcode 8.0";
			developmentRegion = en;
			hasScannedForEncodings = 0;
			knownRegions = (
				en,
				Base,
			);
			mainGroup = 8ACB65F221069933004B9C5A;
			productRefGroup = 8ACB65FC21069933004B9C5A /* Products */;
			projectDirPath = "";
			projectRoot = "";
			targets = (
				8ACB65FA21069933004B9C5A /* USBDetect */,
			);
		};
/* End PBXProject section */

/* Begin PBXResourcesBuildPhase section */
		8ACB65F921069933004B9C5A /* Resources */ = {
			isa = PBXResourcesBuildPhase;
			buildActionMask = 2147483647;
			files = (
				8A7017AD2107873F00D18AF1 /* 16.png in Resources */,
				8A7017A92107855000D18AF1 /* usb.png in Resources */,
				8ACB660321069933004B9C5A /* Assets.xcassets in Resources */,
				8A7017AC2107873F00D18AF1 /* 32.png in Resources */,
				8A7017A7210784AD00D18AF1 /* MainMenu.xib in Resources */,
			);
			runOnlyForDeploymentPostprocessing = 0;
		};
/* End PBXResourcesBuildPhase section */

/* Begin PBXSourcesBuildPhase section */
		8ACB65F721069933004B9C5A /* Sources */ = {
			isa = PBXSourcesBuildPhase;
			buildActionMask = 2147483647;
			files = (
				8ACB660F21069CEE004B9C5A /* USBDetector.swift in Sources */,
				8ACB65FF21069933004B9C5A /* AppDelegate.swift in Sources */,
			);
			runOnlyForDeploymentPostprocessing = 0;
		};
/* End PBXSourcesBuildPhase section */

/* Begin XCBuildConfiguration section */
		8ACB660921069933004B9C5A /* Debug */ = {
			isa = XCBuildConfiguration;
			buildSettings = {
				ALWAYS_SEARCH_USER_PATHS = NO;
				CLANG_ANALYZER_NONNULL = YES;
				CLANG_ANALYZER_NUMBER_OBJECT_CONVERSION = YES_AGGRESSIVE;
				CLANG_CXX_LANGUAGE_STANDARD = "gnu++14";
				CLANG_CXX_LIBRARY = "libc++";
				CLANG_ENABLE_MODULES = YES;
				CLANG_ENABLE_OBJC_ARC = YES;
				CLANG_WARN_BLOCK_CAPTURE_AUTORELEASING = YES;
				CLANG_WARN_BOOL_CONVERSION = YES;
				CLANG_WARN_COMMA = YES;
				CLANG_WARN_CONSTANT_CONVERSION = YES;
				CLANG_WARN_DIRECT_OBJC_ISA_USAGE = YES_ERROR;
				CLANG_WARN_DOCUMENTATION_COMMENTS = YES;
				CLANG_WARN_EMPTY_BODY = YES;
				CLANG_WARN_ENUM_CONVERSION = YES;
				CLANG_WARN_INFINITE_RECURSION = YES;
				CLANG_WARN_INT_CONVERSION = YES;
				CLANG_WARN_NON_LITERAL_NULL_CONVERSION = YES;
				CLANG_WARN_OBJC_LITERAL_CONVERSION = YES;
				CLANG_WARN_OBJC_ROOT_CLASS = YES_ERROR;
				CLANG_WARN_RANGE_LOOP_ANALYSIS = YES;
				CLANG_WARN_STRICT_PROTOTYPES = YES;
				CLANG_WARN_SUSPICIOUS_MOVE = YES;
				CLANG_WARN_UNGUARDED_AVAILABILITY = YES_AGGRESSIVE;
				CLANG_WARN_UNREACHABLE_CODE = YES;
				CLANG_WARN__DUPLICATE_METHOD_MATCH = YES;
				CODE_SIGN_IDENTITY = "Mac Developer";
				COPY_PHASE_STRIP = NO;
				DEBUG_INFORMATION_FORMAT = dwarf;
				ENABLE_STRICT_OBJC_MSGSEND = YES;
				ENABLE_TESTABILITY = YES;
				GCC_C_LANGUAGE_STANDARD = gnu11;
				GCC_DYNAMIC_NO_PIC = NO;
				GCC_NO_COMMON_BLOCKS = YES;
				GCC_OPTIMIZATION_LEVEL = 0;
				GCC_PREPROCESSOR_DEFINITIONS = (
					"DEBUG=1",
					"$(inherited)",
				);
				GCC_WARN_64_TO_32_BIT_CONVERSION = YES;
				GCC_WARN_ABOUT_RETURN_TYPE = YES_ERROR;
				GCC_WARN_UNDECLARED_SELECTOR = YES;
				GCC_WARN_UNINITIALIZED_AUTOS = YES_AGGRESSIVE;
				GCC_WARN_UNUSED_FUNCTION = YES;
				GCC_WARN_UNUSED_VARIABLE = YES;
				MACOSX_DEPLOYMENT_TARGET = 10.12;
				MTL_ENABLE_DEBUG_INFO = YES;
				ONLY_ACTIVE_ARCH = YES;
				SDKROOT = macosx;
				SWIFT_ACTIVE_COMPILATION_CONDITIONS = DEBUG;
				SWIFT_OPTIMIZATION_LEVEL = "-Onone";
			};
			name = Debug;
		};
		8ACB660A21069933004B9C5A /* Release */ = {
			isa = XCBuildConfiguration;
			buildSettings = {
				ALWAYS_SEARCH_USER_PATHS = NO;
				CLANG_ANALYZER_NONNULL = YES;
				CLANG_ANALYZER_NUMBER_OBJECT_CONVERSION = YES_AGGRESSIVE;
				CLANG_CXX_LANGUAGE_STANDARD = "gnu++14";
				CLANG_CXX_LIBRARY = "libc++";
				CLANG_ENABLE_MODULES = YES;
				CLANG_ENABLE_OBJC_ARC = YES;
				CLANG_WARN_BLOCK_CAPTURE_AUTORELEASING = YES;
				CLANG_WARN_BOOL_CONVERSION = YES;
				CLANG_WARN_COMMA = YES;
				CLANG_WARN_CONSTANT_CONVERSION = YES;
				CLANG_WARN_DIRECT_OBJC_ISA_USAGE = YES_ERROR;
				CLANG_WARN_DOCUMENTATION_COMMENTS = YES;
				CLANG_WARN_EMPTY_BODY = YES;
				CLANG_WARN_ENUM_CONVERSION = YES;
				CLANG_WARN_INFINITE_RECURSION = YES;
				CLANG_WARN_INT_CONVERSION = YES;
				CLANG_WARN_NON_LITERAL_NULL_CONVERSION = YES;
				CLANG_WARN_OBJC_LITERAL_CONVERSION = YES;
				CLANG_WARN_OBJC_ROOT_CLASS = YES_ERROR;
				CLANG_WARN_RANGE_LOOP_ANALYSIS = YES;
				CLANG_WARN_STRICT_PROTOTYPES = YES;
				CLANG_WARN_SUSPICIOUS_MOVE = YES;
				CLANG_WARN_UNGUARDED_AVAILABILITY = YES_AGGRESSIVE;
				CLANG_WARN_UNREACHABLE_CODE = YES;
				CLANG_WARN__DUPLICATE_METHOD_MATCH = YES;
				CODE_SIGN_IDENTITY = "Mac Developer";
				COPY_PHASE_STRIP = NO;
				DEBUG_INFORMATION_FORMAT = "dwarf-with-dsym";
				ENABLE_NS_ASSERTIONS = NO;
				ENABLE_STRICT_OBJC_MSGSEND = YES;
				GCC_C_LANGUAGE_STANDARD = gnu11;
				GCC_NO_COMMON_BLOCKS = YES;
				GCC_WARN_64_TO_32_BIT_CONVERSION = YES;
				GCC_WARN_ABOUT_RETURN_TYPE = YES_ERROR;
				GCC_WARN_UNDECLARED_SELECTOR = YES;
				GCC_WARN_UNINITIALIZED_AUTOS = YES_AGGRESSIVE;
				GCC_WARN_UNUSED_FUNCTION = YES;
				GCC_WARN_UNUSED_VARIABLE = YES;
				MACOSX_DEPLOYMENT_TARGET = 10.12;
				MTL_ENABLE_DEBUG_INFO = NO;
				SDKROOT = macosx;
				SWIFT_OPTIMIZATION_LEVEL = "-Owholemodule";
			};
			name = Release;
		};
		8ACB660C21069933004B9C5A /* Debug */ = {
			isa = XCBuildConfiguration;
			buildSettings = {
				ASSETCATALOG_COMPILER_APPICON_NAME = AppIcon;
				CODE_SIGN_ENTITLEMENTS = USBDetect/USBDetect.entitlements;
				CODE_SIGN_STYLE = Automatic;
				COMBINE_HIDPI_IMAGES = YES;
				DEVELOPMENT_TEAM = JMQ9Y3A8K6;
				INFOPLIST_FILE = USBDetect/Info.plist;
				LD_RUNPATH_SEARCH_PATHS = "$(inherited) @executable_path/../Frameworks";
				PRODUCT_BUNDLE_IDENTIFIER = com.keatonburleson.USBDetect;
				PRODUCT_NAME = "$(TARGET_NAME)";
				SWIFT_VERSION = 4.0;
			};
			name = Debug;
		};
		8ACB660D21069933004B9C5A /* Release */ = {
			isa = XCBuildConfiguration;
			buildSettings = {
				ASSETCATALOG_COMPILER_APPICON_NAME = AppIcon;
				CODE_SIGN_ENTITLEMENTS = USBDetect/USBDetect.entitlements;
				CODE_SIGN_STYLE = Automatic;
				COMBINE_HIDPI_IMAGES = YES;
				DEVELOPMENT_TEAM = JMQ9Y3A8K6;
				INFOPLIST_FILE = USBDetect/Info.plist;
				LD_RUNPATH_SEARCH_PATHS = "$(inherited) @executable_path/../Frameworks";
				PRODUCT_BUNDLE_IDENTIFIER = com.keatonburleson.USBDetect;
				PRODUCT_NAME = "$(TARGET_NAME)";
				SWIFT_VERSION = 4.0;
			};
			name = Release;
		};
/* End XCBuildConfiguration section */

/* Begin XCConfigurationList section */
		8ACB65F621069933004B9C5A /* Build configuration list for PBXProject "USBDetect" */ = {
			isa = XCConfigurationList;
			buildConfigurations = (
				8ACB660921069933004B9C5A /* Debug */,
				8ACB660A21069933004B9C5A /* Release */,
			);
			defaultConfigurationIsVisible = 0;
			defaultConfigurationName = Release;
		};
		8ACB660B21069933004B9C5A /* Build configuration list for PBXNativeTarget "USBDetect" */ = {
			isa = XCConfigurationList;
			buildConfigurations = (
				8ACB660C21069933004B9C5A /* Debug */,
				8ACB660D21069933004B9C5A /* Release */,
			);
			defaultConfigurationIsVisible = 0;
			defaultConfigurationName = Release;
		};
/* End XCConfigurationList section */
	};
	rootObject = 8ACB65F321069933004B9C5A /* Project object */;
}
